
Microsoft Visual Studio Solution File, Format Version 12.00
# Visual Studio Version 16
VisualStudioVersion = 16.0.30330.147
MinimumVisualStudioVersion = 10.0.40219.1
Project("{FAE04EC0-301F-11D3-BF4B-00C04F79EFBC}") = "ClassLibrary1", "ClassLibrary1\ClassLibrary1.csproj", "{7D6BF0FD-0521-4895-91F0-74B05EDA31B5}"
EndProject
Project("{FAE04EC0-301F-11D3-BF4B-00C04F79EFBC}") = "UnitTestProject1", "UnitTestProject1\UnitTestProject1.csproj", "{5E3737D1-FFDF-4506-9065-312DC7B45103}"
EndProject
Global
	GlobalSection(SolutionConfigurationPlatforms) = preSolution
		Debug|Any CPU = Debug|Any CPU
		Release|Any CPU = Release|Any CPU
	EndGlobalSection
	GlobalSection(ProjectConfigurationPlatforms) = postSolution
		{7D6BF0FD-0521-4895-91F0-74B05EDA31B5}.Debug|Any CPU.ActiveCfg = Debug|Any CPU
		{7D6BF0FD-0521-4895-91F0-74B05EDA31B5}.Debug|Any CPU.Build.0 = Debug|Any CPU
		{7D6BF0FD-0521-4895-91F0-74B05EDA31B5}.Release|Any CPU.ActiveCfg = Release|Any CPU
		{7D6BF0FD-0521-4895-91F0-74B05EDA31B5}.Release|Any CPU.Build.0 = Release|Any CPU
		{5E3737D1-FFDF-4506-9065-312DC7B45103}.Debug|Any CPU.ActiveCfg = Debug|Any CPU
		{5E3737D1-FFDF-4506-9065-312DC7B45103}.Debug|Any CPU.Build.0 = Debug|Any CPU
		{5E3737D1-FFDF-4506-9065-312DC7B45103}.Release|Any CPU.ActiveCfg = Release|Any CPU
		{5E3737D1-FFDF-4506-9065-312DC7B45103}.Release|Any CPU.Build.0 = Release|Any CPU
	EndGlobalSection
	GlobalSection(SolutionProperties) = preSolution
		HideSolutionNode = FALSE
	EndGlobalSection
	GlobalSection(ExtensibilityGlobals) = postSolution
		SolutionGuid = {81F123D5-9478-415B-9738-7C522B9F6C2E}
	EndGlobalSection
EndGlobal
